
Microsoft Visual Studio Solution File, Format Version 12.00
# Visual Studio 14
VisualStudioVersion = 14.0.24720.0
MinimumVisualStudioVersion = 10.0.40219.1
Project("{FAE04EC0-301F-11D3-BF4B-00C04F79EFBC}") = "BinaryMap", "BinaryMap\BinaryMap.csproj", "{C4E8AF8C-05AD-4E6B-A0DC-B6CA7B267939}"
EndProject
Project("{FAE04EC0-301F-11D3-BF4B-00C04F79EFBC}") = "BinaryMapTests", "BinaryMapTests\BinaryMapTests.csproj", "{437BE14A-58E3-4239-B86E-4C97FEC53DD1}"
EndProject
Project("{FAE04EC0-301F-11D3-BF4B-00C04F79EFBC}") = "BinaryMapCalculator", "BinaryMapCalculator\BinaryMapCalculator.csproj", "{3CB8FBDD-6D53-485E-8469-B39AAD38894E}"
EndProject
Global
	GlobalSection(SolutionConfigurationPlatforms) = preSolution
		Debug|Any CPU = Debug|Any CPU
		Release|Any CPU = Release|Any CPU
	EndGlobalSection
	GlobalSection(ProjectConfigurationPlatforms) = postSolution
		{C4E8AF8C-05AD-4E6B-A0DC-B6CA7B267939}.Debug|Any CPU.ActiveCfg = Debug|Any CPU
		{C4E8AF8C-05AD-4E6B-A0DC-B6CA7B267939}.Debug|Any CPU.Build.0 = Debug|Any CPU
		{C4E8AF8C-05AD-4E6B-A0DC-B6CA7B267939}.Release|Any CPU.ActiveCfg = Release|Any CPU
		{C4E8AF8C-05AD-4E6B-A0DC-B6CA7B267939}.Release|Any CPU.Build.0 = Release|Any CPU
		{437BE14A-58E3-4239-B86E-4C97FEC53DD1}.Debug|Any CPU.ActiveCfg = Debug|Any CPU
		{437BE14A-58E3-4239-B86E-4C97FEC53DD1}.Debug|Any CPU.Build.0 = Debug|Any CPU
		{437BE14A-58E3-4239-B86E-4C97FEC53DD1}.Release|Any CPU.ActiveCfg = Release|Any CPU
		{437BE14A-58E3-4239-B86E-4C97FEC53DD1}.Release|Any CPU.Build.0 = Release|Any CPU
		{3CB8FBDD-6D53-485E-8469-B39AAD38894E}.Debug|Any CPU.ActiveCfg = Debug|Any CPU
		{3CB8FBDD-6D53-485E-8469-B39AAD38894E}.Debug|Any CPU.Build.0 = Debug|Any CPU
		{3CB8FBDD-6D53-485E-8469-B39AAD38894E}.Release|Any CPU.ActiveCfg = Release|Any CPU
		{3CB8FBDD-6D53-485E-8469-B39AAD38894E}.Release|Any CPU.Build.0 = Release|Any CPU
	EndGlobalSection
	GlobalSection(SolutionProperties) = preSolution
		HideSolutionNode = FALSE
	EndGlobalSection
EndGlobal
