
Microsoft Visual Studio Solution File, Format Version 12.00
# Visual Studio 14
VisualStudioVersion = 14.0.24720.0
MinimumVisualStudioVersion = 10.0.40219.1
Project("{FAE04EC0-301F-11D3-BF4B-00C04F79EFBC}") = "Lesson.Four.CountingElements", "Lesson.Four.CountingElements\Lesson.Four.CountingElements.csproj", "{9CA34BB9-405A-4FD8-B34F-C16A2DCA6459}"
EndProject
Project("{FAE04EC0-301F-11D3-BF4B-00C04F79EFBC}") = "Lesson.Four.CountingElements.Tests", "Lesson.Four.CountingElements.Tests\Lesson.Four.CountingElements.Tests.csproj", "{B572E545-EC59-45D0-995F-63A9CD9911DC}"
EndProject
Global
	GlobalSection(SolutionConfigurationPlatforms) = preSolution
		Debug|Any CPU = Debug|Any CPU
		Release|Any CPU = Release|Any CPU
	EndGlobalSection
	GlobalSection(ProjectConfigurationPlatforms) = postSolution
		{9CA34BB9-405A-4FD8-B34F-C16A2DCA6459}.Debug|Any CPU.ActiveCfg = Debug|Any CPU
		{9CA34BB9-405A-4FD8-B34F-C16A2DCA6459}.Debug|Any CPU.Build.0 = Debug|Any CPU
		{9CA34BB9-405A-4FD8-B34F-C16A2DCA6459}.Release|Any CPU.ActiveCfg = Release|Any CPU
		{9CA34BB9-405A-4FD8-B34F-C16A2DCA6459}.Release|Any CPU.Build.0 = Release|Any CPU
		{B572E545-EC59-45D0-995F-63A9CD9911DC}.Debug|Any CPU.ActiveCfg = Debug|Any CPU
		{B572E545-EC59-45D0-995F-63A9CD9911DC}.Debug|Any CPU.Build.0 = Debug|Any CPU
		{B572E545-EC59-45D0-995F-63A9CD9911DC}.Release|Any CPU.ActiveCfg = Release|Any CPU
		{B572E545-EC59-45D0-995F-63A9CD9911DC}.Release|Any CPU.Build.0 = Release|Any CPU
	EndGlobalSection
	GlobalSection(SolutionProperties) = preSolution
		HideSolutionNode = FALSE
	EndGlobalSection
EndGlobal
