
Microsoft Visual Studio Solution File, Format Version 12.00
# Visual Studio 14
VisualStudioVersion = 14.0.24720.0
MinimumVisualStudioVersion = 10.0.40219.1
Project("{FAE04EC0-301F-11D3-BF4B-00C04F79EFBC}") = "02.OddOccurrencesInArray", "02.OddOccurrencesInArray.csproj", "{113A5C60-27D8-44D8-A382-000D8D68CA46}"
EndProject
Project("{FAE04EC0-301F-11D3-BF4B-00C04F79EFBC}") = "OddOccurrencesInArrayTests", "..\OddOccurrencesInArrayTests\OddOccurrencesInArrayTests.csproj", "{F234735E-734C-4D64-B008-13C2954FD105}"
EndProject
Global
	GlobalSection(SolutionConfigurationPlatforms) = preSolution
		Debug|Any CPU = Debug|Any CPU
		Release|Any CPU = Release|Any CPU
	EndGlobalSection
	GlobalSection(ProjectConfigurationPlatforms) = postSolution
		{113A5C60-27D8-44D8-A382-000D8D68CA46}.Debug|Any CPU.ActiveCfg = Debug|Any CPU
		{113A5C60-27D8-44D8-A382-000D8D68CA46}.Debug|Any CPU.Build.0 = Debug|Any CPU
		{113A5C60-27D8-44D8-A382-000D8D68CA46}.Release|Any CPU.ActiveCfg = Release|Any CPU
		{113A5C60-27D8-44D8-A382-000D8D68CA46}.Release|Any CPU.Build.0 = Release|Any CPU
		{F234735E-734C-4D64-B008-13C2954FD105}.Debug|Any CPU.ActiveCfg = Debug|Any CPU
		{F234735E-734C-4D64-B008-13C2954FD105}.Debug|Any CPU.Build.0 = Debug|Any CPU
		{F234735E-734C-4D64-B008-13C2954FD105}.Release|Any CPU.ActiveCfg = Release|Any CPU
		{F234735E-734C-4D64-B008-13C2954FD105}.Release|Any CPU.Build.0 = Release|Any CPU
	EndGlobalSection
	GlobalSection(SolutionProperties) = preSolution
		HideSolutionNode = FALSE
	EndGlobalSection
EndGlobal
